
Microsoft Visual Studio Solution File, Format Version 12.00
# Visual Studio Version 17
VisualStudioVersion = 17.0.31903.59
MinimumVisualStudioVersion = 10.0.40219.1
Project("{FAE04EC0-301F-11D3-BF4B-00C04F79EFBC}") = "FileKlasa", "FileKlasa.csproj", "{AF4CA310-4E72-4890-931B-C532103D220C}"
EndProject
Global
	GlobalSection(SolutionConfigurationPlatforms) = preSolution
		Debug|Any CPU = Debug|Any CPU
		Release|Any CPU = Release|Any CPU
	EndGlobalSection
	GlobalSection(ProjectConfigurationPlatforms) = postSolution
		{AF4CA310-4E72-4890-931B-C532103D220C}.Debug|Any CPU.ActiveCfg = Debug|Any CPU
		{AF4CA310-4E72-4890-931B-C532103D220C}.Debug|Any CPU.Build.0 = Debug|Any CPU
		{AF4CA310-4E72-4890-931B-C532103D220C}.Release|Any CPU.ActiveCfg = Release|Any CPU
		{AF4CA310-4E72-4890-931B-C532103D220C}.Release|Any CPU.Build.0 = Release|Any CPU
	EndGlobalSection
	GlobalSection(SolutionProperties) = preSolution
		HideSolutionNode = FALSE
	EndGlobalSection
	GlobalSection(ExtensibilityGlobals) = postSolution
		SolutionGuid = {3F5DB4F1-E560-428C-8EDB-A961836DE472}
	EndGlobalSection
EndGlobal
